
Microsoft Visual Studio Solution File, Format Version 12.00
Project("{FAE04EC0-301F-11D3-BF4B-00C04F79EFBC}") = "CT_AB2", "CT_AB2\CT_AB2.csproj", "{6EDCDBC5-FA15-4579-8F0B-8561A40393A8}"
EndProject
Global
	GlobalSection(SolutionConfigurationPlatforms) = preSolution
		Debug|Any CPU = Debug|Any CPU
		Release|Any CPU = Release|Any CPU
	EndGlobalSection
	GlobalSection(ProjectConfigurationPlatforms) = postSolution
		{6EDCDBC5-FA15-4579-8F0B-8561A40393A8}.Debug|Any CPU.ActiveCfg = Debug|Any CPU
		{6EDCDBC5-FA15-4579-8F0B-8561A40393A8}.Debug|Any CPU.Build.0 = Debug|Any CPU
		{6EDCDBC5-FA15-4579-8F0B-8561A40393A8}.Release|Any CPU.ActiveCfg = Release|Any CPU
		{6EDCDBC5-FA15-4579-8F0B-8561A40393A8}.Release|Any CPU.Build.0 = Release|Any CPU
	EndGlobalSection
EndGlobal
